
Microsoft Visual Studio Solution File, Format Version 12.00
# Visual Studio Version 17
VisualStudioVersion = 17.12.35527.113
MinimumVisualStudioVersion = 10.0.40219.1
Project("{FAE04EC0-301F-11D3-BF4B-00C04F79EFBC}") = "BlazorChatBot", "BlazorChatBot.csproj", "{671AE11F-4B0E-40EB-B8DB-38141FEE1698}"
EndProject
Global
	GlobalSection(SolutionConfigurationPlatforms) = preSolution
		Debug|Any CPU = Debug|Any CPU
		Release|Any CPU = Release|Any CPU
	EndGlobalSection
	GlobalSection(ProjectConfigurationPlatforms) = postSolution
		{671AE11F-4B0E-40EB-B8DB-38141FEE1698}.Debug|Any CPU.ActiveCfg = Debug|Any CPU
		{671AE11F-4B0E-40EB-B8DB-38141FEE1698}.Debug|Any CPU.Build.0 = Debug|Any CPU
		{671AE11F-4B0E-40EB-B8DB-38141FEE1698}.Release|Any CPU.ActiveCfg = Release|Any CPU
		{671AE11F-4B0E-40EB-B8DB-38141FEE1698}.Release|Any CPU.Build.0 = Release|Any CPU
	EndGlobalSection
	GlobalSection(SolutionProperties) = preSolution
		HideSolutionNode = FALSE
	EndGlobalSection
	GlobalSection(ExtensibilityGlobals) = postSolution
		SolutionGuid = {A04FF533-8279-44B7-AD28-BC4BC03E8CAF}
	EndGlobalSection
EndGlobal
